// !$*UTF8*$!
{
	archiveVersion = 1;
	classes = {
	};
	objectVersion = 46;
	objects = {

/* Begin PBXBuildFile section */
		9A38B3B41F1E1B5200B3D625 /* AppDelegate.swift in Sources */ = {isa = PBXBuildFile; fileRef = 9A38B3B31F1E1B5200B3D625 /* AppDelegate.swift */; };
		9A38B3B61F1E1B5200B3D625 /* ViewController.swift in Sources */ = {isa = PBXBuildFile; fileRef = 9A38B3B51F1E1B5200B3D625 /* ViewController.swift */; };
		9A38B3B91F1E1B5300B3D625 /* Main.storyboard in Resources */ = {isa = PBXBuildFile; fileRef = 9A38B3B71F1E1B5300B3D625 /* Main.storyboard */; };
		9A38B3BB1F1E1B5300B3D625 /* Assets.xcassets in Resources */ = {isa = PBXBuildFile; fileRef = 9A38B3BA1F1E1B5300B3D625 /* Assets.xcassets */; };
		9A38B3BE1F1E1B5300B3D625 /* LaunchScreen.storyboard in Resources */ = {isa = PBXBuildFile; fileRef = 9A38B3BC1F1E1B5300B3D625 /* LaunchScreen.storyboard */; };
		9A38B3C91F1E1B5300B3D625 /* buttonAnimationTests.swift in Sources */ = {isa = PBXBuildFile; fileRef = 9A38B3C81F1E1B5300B3D625 /* buttonAnimationTests.swift */; };
		9A38B3D41F1E1B5300B3D625 /* buttonAnimationUITests.swift in Sources */ = {isa = PBXBuildFile; fileRef = 9A38B3D31F1E1B5300B3D625 /* buttonAnimationUITests.swift */; };
		9A38B3E61F1E1C2500B3D625 /* ShakeButton.swift in Sources */ = {isa = PBXBuildFile; fileRef = 9A38B3E51F1E1C2500B3D625 /* ShakeButton.swift */; };
/* End PBXBuildFile section */

/* Begin PBXContainerItemProxy section */
		9A38B3C51F1E1B5300B3D625 /* PBXContainerItemProxy */ = {
			isa = PBXContainerItemProxy;
			containerPortal = 9A38B3A81F1E1B5200B3D625 /* Project object */;
			proxyType = 1;
			remoteGlobalIDString = 9A38B3AF1F1E1B5200B3D625;
			remoteInfo = buttonAnimation;
		};
		9A38B3D01F1E1B5300B3D625 /* PBXContainerItemProxy */ = {
			isa = PBXContainerItemProxy;
			containerPortal = 9A38B3A81F1E1B5200B3D625 /* Project object */;
			proxyType = 1;
			remoteGlobalIDString = 9A38B3AF1F1E1B5200B3D625;
			remoteInfo = buttonAnimation;
		};
/* End PBXContainerItemProxy section */

/* Begin PBXFileReference section */
		9A38B3B01F1E1B5200B3D625 /* buttonAnimation.app */ = {isa = PBXFileReference; explicitFileType = wrapper.application; includeInIndex = 0; path = buttonAnimation.app; sourceTree = BUILT_PRODUCTS_DIR; };
		9A38B3B31F1E1B5200B3D625 /* AppDelegate.swift */ = {isa = PBXFileReference; lastKnownFileType = sourcecode.swift; path = AppDelegate.swift; sourceTree = "<group>"; };
		9A38B3B51F1E1B5200B3D625 /* ViewController.swift */ = {isa = PBXFileReference; lastKnownFileType = sourcecode.swift; path = ViewController.swift; sourceTree = "<group>"; };
		9A38B3B81F1E1B5300B3D625 /* Base */ = {isa = PBXFileReference; lastKnownFileType = file.storyboard; name = Base; path = Base.lproj/Main.storyboard; sourceTree = "<group>"; };
		9A38B3BA1F1E1B5300B3D625 /* Assets.xcassets */ = {isa = PBXFileReference; lastKnownFileType = folder.assetcatalog; path = Assets.xcassets; sourceTree = "<group>"; };
		9A38B3BD1F1E1B5300B3D625 /* Base */ = {isa = PBXFileReference; lastKnownFileType = file.storyboard; name = Base; path = Base.lproj/LaunchScreen.storyboard; sourceTree = "<group>"; };
		9A38B3BF1F1E1B5300B3D625 /* Info.plist */ = {isa = PBXFileReference; lastKnownFileType = text.plist.xml; path = Info.plist; sourceTree = "<group>"; };
		9A38B3C41F1E1B5300B3D625 /* buttonAnimationTests.xctest */ = {isa = PBXFileReference; explicitFileType = wrapper.cfbundle; includeInIndex = 0; path = buttonAnimationTests.xctest; sourceTree = BUILT_PRODUCTS_DIR; };
		9A38B3C81F1E1B5300B3D625 /* buttonAnimationTests.swift */ = {isa = PBXFileReference; lastKnownFileType = sourcecode.swift; path = buttonAnimationTests.swift; sourceTree = "<group>"; };
		9A38B3CA1F1E1B5300B3D625 /* Info.plist */ = {isa = PBXFileReference; lastKnownFileType = text.plist.xml; path = Info.plist; sourceTree = "<group>"; };
		9A38B3CF1F1E1B5300B3D625 /* buttonAnimationUITests.xctest */ = {isa = PBXFileReference; explicitFileType = wrapper.cfbundle; includeInIndex = 0; path = buttonAnimationUITests.xctest; sourceTree = BUILT_PRODUCTS_DIR; };
		9A38B3D31F1E1B5300B3D625 /* buttonAnimationUITests.swift */ = {isa = PBXFileReference; lastKnownFileType = sourcecode.swift; path = buttonAnimationUITests.swift; sourceTree = "<group>"; };
		9A38B3D51F1E1B5300B3D625 /* Info.plist */ = {isa = PBXFileReference; lastKnownFileType = text.plist.xml; path = Info.plist; sourceTree = "<group>"; };
		9A38B3E51F1E1C2500B3D625 /* ShakeButton.swift */ = {isa = PBXFileReference; fileEncoding = 4; lastKnownFileType = sourcecode.swift; path = ShakeButton.swift; sourceTree = "<group>"; };
/* End PBXFileReference section */

/* Begin PBXFrameworksBuildPhase section */
		9A38B3AD1F1E1B5200B3D625 /* Frameworks */ = {
			isa = PBXFrameworksBuildPhase;
			buildActionMask = 2147483647;
			files = (
			);
			runOnlyForDeploymentPostprocessing = 0;
		};
		9A38B3C11F1E1B5300B3D625 /* Frameworks */ = {
			isa = PBXFrameworksBuildPhase;
			buildActionMask = 2147483647;
			files = (
			);
			runOnlyForDeploymentPostprocessing = 0;
		};
		9A38B3CC1F1E1B5300B3D625 /* Frameworks */ = {
			isa = PBXFrameworksBuildPhase;
			buildActionMask = 2147483647;
			files = (
			);
			runOnlyForDeploymentPostprocessing = 0;
		};
/* End PBXFrameworksBuildPhase section */

/* Begin PBXGroup section */
		9A38B3A71F1E1B5200B3D625 = {
			isa = PBXGroup;
			children = (
				9A38B3B21F1E1B5200B3D625 /* buttonAnimation */,
				9A38B3C71F1E1B5300B3D625 /* buttonAnimationTests */,
				9A38B3D21F1E1B5300B3D625 /* buttonAnimationUITests */,
				9A38B3B11F1E1B5200B3D625 /* Products */,
			);
			sourceTree = "<group>";
		};
		9A38B3B11F1E1B5200B3D625 /* Products */ = {
			isa = PBXGroup;
			children = (
				9A38B3B01F1E1B5200B3D625 /* buttonAnimation.app */,
				9A38B3C41F1E1B5300B3D625 /* buttonAnimationTests.xctest */,
				9A38B3CF1F1E1B5300B3D625 /* buttonAnimationUITests.xctest */,
			);
			name = Products;
			sourceTree = "<group>";
		};
		9A38B3B21F1E1B5200B3D625 /* buttonAnimation */ = {
			isa = PBXGroup;
			children = (
				9A38B3E21F1E1BB100B3D625 /* ButtonAnimation */,
				9A38B3E11F1E1B7400B3D625 /* New Group */,
				9A38B3B31F1E1B5200B3D625 /* AppDelegate.swift */,
				9A38B3B51F1E1B5200B3D625 /* ViewController.swift */,
				9A38B3B71F1E1B5300B3D625 /* Main.storyboard */,
				9A38B3BA1F1E1B5300B3D625 /* Assets.xcassets */,
				9A38B3BC1F1E1B5300B3D625 /* LaunchScreen.storyboard */,
				9A38B3BF1F1E1B5300B3D625 /* Info.plist */,
			);
			path = buttonAnimation;
			sourceTree = "<group>";
		};
		9A38B3C71F1E1B5300B3D625 /* buttonAnimationTests */ = {
			isa = PBXGroup;
			children = (
				9A38B3C81F1E1B5300B3D625 /* buttonAnimationTests.swift */,
				9A38B3CA1F1E1B5300B3D625 /* Info.plist */,
			);
			path = buttonAnimationTests;
			sourceTree = "<group>";
		};
		9A38B3D21F1E1B5300B3D625 /* buttonAnimationUITests */ = {
			isa = PBXGroup;
			children = (
				9A38B3D31F1E1B5300B3D625 /* buttonAnimationUITests.swift */,
				9A38B3D51F1E1B5300B3D625 /* Info.plist */,
			);
			path = buttonAnimationUITests;
			sourceTree = "<group>";
		};
		9A38B3E11F1E1B7400B3D625 /* New Group */ = {
			isa = PBXGroup;
			children = (
			);
			name = "New Group";
			sourceTree = "<group>";
		};
		9A38B3E21F1E1BB100B3D625 /* ButtonAnimation */ = {
			isa = PBXGroup;
			children = (
				9A38B3E51F1E1C2500B3D625 /* ShakeButton.swift */,
			);
			path = ButtonAnimation;
			sourceTree = "<group>";
		};
/* End PBXGroup section */

/* Begin PBXNativeTarget section */
		9A38B3AF1F1E1B5200B3D625 /* buttonAnimation */ = {
			isa = PBXNativeTarget;
			buildConfigurationList = 9A38B3D81F1E1B5300B3D625 /* Build configuration list for PBXNativeTarget "buttonAnimation" */;
			buildPhases = (
				9A38B3AC1F1E1B5200B3D625 /* Sources */,
				9A38B3AD1F1E1B5200B3D625 /* Frameworks */,
				9A38B3AE1F1E1B5200B3D625 /* Resources */,
			);
			buildRules = (
			);
			dependencies = (
			);
			name = buttonAnimation;
			productName = buttonAnimation;
			productReference = 9A38B3B01F1E1B5200B3D625 /* buttonAnimation.app */;
			productType = "com.apple.product-type.application";
		};
		9A38B3C31F1E1B5300B3D625 /* buttonAnimationTests */ = {
			isa = PBXNativeTarget;
			buildConfigurationList = 9A38B3DB1F1E1B5300B3D625 /* Build configuration list for PBXNativeTarget "buttonAnimationTests" */;
			buildPhases = (
				9A38B3C01F1E1B5300B3D625 /* Sources */,
				9A38B3C11F1E1B5300B3D625 /* Frameworks */,
				9A38B3C21F1E1B5300B3D625 /* Resources */,
			);
			buildRules = (
			);
			dependencies = (
				9A38B3C61F1E1B5300B3D625 /* PBXTargetDependency */,
			);
			name = buttonAnimationTests;
			productName = buttonAnimationTests;
			productReference = 9A38B3C41F1E1B5300B3D625 /* buttonAnimationTests.xctest */;
			productType = "com.apple.product-type.bundle.unit-test";
		};
		9A38B3CE1F1E1B5300B3D625 /* buttonAnimationUITests */ = {
			isa = PBXNativeTarget;
			buildConfigurationList = 9A38B3DE1F1E1B5300B3D625 /* Build configuration list for PBXNativeTarget "buttonAnimationUITests" */;
			buildPhases = (
				9A38B3CB1F1E1B5300B3D625 /* Sources */,
				9A38B3CC1F1E1B5300B3D625 /* Frameworks */,
				9A38B3CD1F1E1B5300B3D625 /* Resources */,
			);
			buildRules = (
			);
			dependencies = (
				9A38B3D11F1E1B5300B3D625 /* PBXTargetDependency */,
			);
			name = buttonAnimationUITests;
			productName = buttonAnimationUITests;
			productReference = 9A38B3CF1F1E1B5300B3D625 /* buttonAnimationUITests.xctest */;
			productType = "com.apple.product-type.bundle.ui-testing";
		};
/* End PBXNativeTarget section */

/* Begin PBXProject section */
		9A38B3A81F1E1B5200B3D625 /* Project object */ = {
			isa = PBXProject;
			attributes = {
				LastSwiftUpdateCheck = 0830;
				LastUpgradeCheck = 0830;
				ORGANIZATIONNAME = "林 利樹";
				TargetAttributes = {
					9A38B3AF1F1E1B5200B3D625 = {
						CreatedOnToolsVersion = 8.3.2;
						ProvisioningStyle = Automatic;
					};
					9A38B3C31F1E1B5300B3D625 = {
						CreatedOnToolsVersion = 8.3.2;
						ProvisioningStyle = Automatic;
						TestTargetID = 9A38B3AF1F1E1B5200B3D625;
					};
					9A38B3CE1F1E1B5300B3D625 = {
						CreatedOnToolsVersion = 8.3.2;
						ProvisioningStyle = Automatic;
						TestTargetID = 9A38B3AF1F1E1B5200B3D625;
					};
				};
			};
			buildConfigurationList = 9A38B3AB1F1E1B5200B3D625 /* Build configuration list for PBXProject "buttonAnimation" */;
			compatibilityVersion = "Xcode 3.2";
			developmentRegion = English;
			hasScannedForEncodings = 0;
			knownRegions = (
				en,
				Base,
			);
			mainGroup = 9A38B3A71F1E1B5200B3D625;
			productRefGroup = 9A38B3B11F1E1B5200B3D625 /* Products */;
			projectDirPath = "";
			projectRoot = "";
			targets = (
				9A38B3AF1F1E1B5200B3D625 /* buttonAnimation */,
				9A38B3C31F1E1B5300B3D625 /* buttonAnimationTests */,
				9A38B3CE1F1E1B5300B3D625 /* buttonAnimationUITests */,
			);
		};
/* End PBXProject section */

/* Begin PBXResourcesBuildPhase section */
		9A38B3AE1F1E1B5200B3D625 /* Resources */ = {
			isa = PBXResourcesBuildPhase;
			buildActionMask = 2147483647;
			files = (
				9A38B3BE1F1E1B5300B3D625 /* LaunchScreen.storyboard in Resources */,
				9A38B3BB1F1E1B5300B3D625 /* Assets.xcassets in Resources */,
				9A38B3B91F1E1B5300B3D625 /* Main.storyboard in Resources */,
			);
			runOnlyForDeploymentPostprocessing = 0;
		};
		9A38B3C21F1E1B5300B3D625 /* Resources */ = {
			isa = PBXResourcesBuildPhase;
			buildActionMask = 2147483647;
			files = (
			);
			runOnlyForDeploymentPostprocessing = 0;
		};
		9A38B3CD1F1E1B5300B3D625 /* Resources */ = {
			isa = PBXResourcesBuildPhase;
			buildActionMask = 2147483647;
			files = (
			);
			runOnlyForDeploymentPostprocessing = 0;
		};
/* End PBXResourcesBuildPhase section */

/* Begin PBXSourcesBuildPhase section */
		9A38B3AC1F1E1B5200B3D625 /* Sources */ = {
			isa = PBXSourcesBuildPhase;
			buildActionMask = 2147483647;
			files = (
				9A38B3E61F1E1C2500B3D625 /* ShakeButton.swift in Sources */,
				9A38B3B61F1E1B5200B3D625 /* ViewController.swift in Sources */,
				9A38B3B41F1E1B5200B3D625 /* AppDelegate.swift in Sources */,
			);
			runOnlyForDeploymentPostprocessing = 0;
		};
		9A38B3C01F1E1B5300B3D625 /* Sources */ = {
			isa = PBXSourcesBuildPhase;
			buildActionMask = 2147483647;
			files = (
				9A38B3C91F1E1B5300B3D625 /* buttonAnimationTests.swift in Sources */,
			);
			runOnlyForDeploymentPostprocessing = 0;
		};
		9A38B3CB1F1E1B5300B3D625 /* Sources */ = {
			isa = PBXSourcesBuildPhase;
			buildActionMask = 2147483647;
			files = (
				9A38B3D41F1E1B5300B3D625 /* buttonAnimationUITests.swift in Sources */,
			);
			runOnlyForDeploymentPostprocessing = 0;
		};
/* End PBXSourcesBuildPhase section */

/* Begin PBXTargetDependency section */
		9A38B3C61F1E1B5300B3D625 /* PBXTargetDependency */ = {
			isa = PBXTargetDependency;
			target = 9A38B3AF1F1E1B5200B3D625 /* buttonAnimation */;
			targetProxy = 9A38B3C51F1E1B5300B3D625 /* PBXContainerItemProxy */;
		};
		9A38B3D11F1E1B5300B3D625 /* PBXTargetDependency */ = {
			isa = PBXTargetDependency;
			target = 9A38B3AF1F1E1B5200B3D625 /* buttonAnimation */;
			targetProxy = 9A38B3D01F1E1B5300B3D625 /* PBXContainerItemProxy */;
		};
/* End PBXTargetDependency section */

/* Begin PBXVariantGroup section */
		9A38B3B71F1E1B5300B3D625 /* Main.storyboard */ = {
			isa = PBXVariantGroup;
			children = (
				9A38B3B81F1E1B5300B3D625 /* Base */,
			);
			name = Main.storyboard;
			sourceTree = "<group>";
		};
		9A38B3BC1F1E1B5300B3D625 /* LaunchScreen.storyboard */ = {
			isa = PBXVariantGroup;
			children = (
				9A38B3BD1F1E1B5300B3D625 /* Base */,
			);
			name = LaunchScreen.storyboard;
			sourceTree = "<group>";
		};
/* End PBXVariantGroup section */

/* Begin XCBuildConfiguration section */
		9A38B3D61F1E1B5300B3D625 /* Debug */ = {
			isa = XCBuildConfiguration;
			buildSettings = {
				ALWAYS_SEARCH_USER_PATHS = NO;
				CLANG_ANALYZER_NONNULL = YES;
				CLANG_ANALYZER_NUMBER_OBJECT_CONVERSION = YES_AGGRESSIVE;
				CLANG_CXX_LANGUAGE_STANDARD = "gnu++0x";
				CLANG_CXX_LIBRARY = "libc++";
				CLANG_ENABLE_MODULES = YES;
				CLANG_ENABLE_OBJC_ARC = YES;
				CLANG_WARN_BOOL_CONVERSION = YES;
				CLANG_WARN_CONSTANT_CONVERSION = YES;
				CLANG_WARN_DIRECT_OBJC_ISA_USAGE = YES_ERROR;
				CLANG_WARN_DOCUMENTATION_COMMENTS = YES;
				CLANG_WARN_EMPTY_BODY = YES;
				CLANG_WARN_ENUM_CONVERSION = YES;
				CLANG_WARN_INFINITE_RECURSION = YES;
				CLANG_WARN_INT_CONVERSION = YES;
				CLANG_WARN_OBJC_ROOT_CLASS = YES_ERROR;
				CLANG_WARN_SUSPICIOUS_MOVE = YES;
				CLANG_WARN_UNREACHABLE_CODE = YES;
				CLANG_WARN__DUPLICATE_METHOD_MATCH = YES;
				"CODE_SIGN_IDENTITY[sdk=iphoneos*]" = "iPhone Developer";
				COPY_PHASE_STRIP = NO;
				DEBUG_INFORMATION_FORMAT = dwarf;
				ENABLE_STRICT_OBJC_MSGSEND = YES;
				ENABLE_TESTABILITY = YES;
				GCC_C_LANGUAGE_STANDARD = gnu99;
				GCC_DYNAMIC_NO_PIC = NO;
				GCC_NO_COMMON_BLOCKS = YES;
				GCC_OPTIMIZATION_LEVEL = 0;
				GCC_PREPROCESSOR_DEFINITIONS = (
					"DEBUG=1",
					"$(inherited)",
				);
				GCC_WARN_64_TO_32_BIT_CONVERSION = YES;
				GCC_WARN_ABOUT_RETURN_TYPE = YES_ERROR;
				GCC_WARN_UNDECLARED_SELECTOR = YES;
				GCC_WARN_UNINITIALIZED_AUTOS = YES_AGGRESSIVE;
				GCC_WARN_UNUSED_FUNCTION = YES;
				GCC_WARN_UNUSED_VARIABLE = YES;
				IPHONEOS_DEPLOYMENT_TARGET = 10.3;
				MTL_ENABLE_DEBUG_INFO = YES;
				ONLY_ACTIVE_ARCH = YES;
				SDKROOT = iphoneos;
				SWIFT_ACTIVE_COMPILATION_CONDITIONS = DEBUG;
				SWIFT_OPTIMIZATION_LEVEL = "-Onone";
			};
			name = Debug;
		};
		9A38B3D71F1E1B5300B3D625 /* Release */ = {
			isa = XCBuildConfiguration;
			buildSettings = {
				ALWAYS_SEARCH_USER_PATHS = NO;
				CLANG_ANALYZER_NONNULL = YES;
				CLANG_ANALYZER_NUMBER_OBJECT_CONVERSION = YES_AGGRESSIVE;
				CLANG_CXX_LANGUAGE_STANDARD = "gnu++0x";
				CLANG_CXX_LIBRARY = "libc++";
				CLANG_ENABLE_MODULES = YES;
				CLANG_ENABLE_OBJC_ARC = YES;
				CLANG_WARN_BOOL_CONVERSION = YES;
				CLANG_WARN_CONSTANT_CONVERSION = YES;
				CLANG_WARN_DIRECT_OBJC_ISA_USAGE = YES_ERROR;
				CLANG_WARN_DOCUMENTATION_COMMENTS = YES;
				CLANG_WARN_EMPTY_BODY = YES;
				CLANG_WARN_ENUM_CONVERSION = YES;
				CLANG_WARN_INFINITE_RECURSION = YES;
				CLANG_WARN_INT_CONVERSION = YES;
				CLANG_WARN_OBJC_ROOT_CLASS = YES_ERROR;
				CLANG_WARN_SUSPICIOUS_MOVE = YES;
				CLANG_WARN_UNREACHABLE_CODE = YES;
				CLANG_WARN__DUPLICATE_METHOD_MATCH = YES;
				"CODE_SIGN_IDENTITY[sdk=iphoneos*]" = "iPhone Developer";
				COPY_PHASE_STRIP = NO;
				DEBUG_INFORMATION_FORMAT = "dwarf-with-dsym";
				ENABLE_NS_ASSERTIONS = NO;
				ENABLE_STRICT_OBJC_MSGSEND = YES;
				GCC_C_LANGUAGE_STANDARD = gnu99;
				GCC_NO_COMMON_BLOCKS = YES;
				GCC_WARN_64_TO_32_BIT_CONVERSION = YES;
				GCC_WARN_ABOUT_RETURN_TYPE = YES_ERROR;
				GCC_WARN_UNDECLARED_SELECTOR = YES;
				GCC_WARN_UNINITIALIZED_AUTOS = YES_AGGRESSIVE;
				GCC_WARN_UNUSED_FUNCTION = YES;
				GCC_WARN_UNUSED_VARIABLE = YES;
				IPHONEOS_DEPLOYMENT_TARGET = 10.3;
				MTL_ENABLE_DEBUG_INFO = NO;
				SDKROOT = iphoneos;
				SWIFT_OPTIMIZATION_LEVEL = "-Owholemodule";
				VALIDATE_PRODUCT = YES;
			};
			name = Release;
		};
		9A38B3D91F1E1B5300B3D625 /* Debug */ = {
			isa = XCBuildConfiguration;
			buildSettings = {
				ASSETCATALOG_COMPILER_APPICON_NAME = AppIcon;
				INFOPLIST_FILE = buttonAnimation/Info.plist;
				LD_RUNPATH_SEARCH_PATHS = "$(inherited) @executable_path/Frameworks";
				PRODUCT_BUNDLE_IDENTIFIER = zushio.buttonAnimation;
				PRODUCT_NAME = "$(TARGET_NAME)";
				SWIFT_VERSION = 3.0;
			};
			name = Debug;
		};
		9A38B3DA1F1E1B5300B3D625 /* Release */ = {
			isa = XCBuildConfiguration;
			buildSettings = {
				ASSETCATALOG_COMPILER_APPICON_NAME = AppIcon;
				INFOPLIST_FILE = buttonAnimation/Info.plist;
				LD_RUNPATH_SEARCH_PATHS = "$(inherited) @executable_path/Frameworks";
				PRODUCT_BUNDLE_IDENTIFIER = zushio.buttonAnimation;
				PRODUCT_NAME = "$(TARGET_NAME)";
				SWIFT_VERSION = 3.0;
			};
			name = Release;
		};
		9A38B3DC1F1E1B5300B3D625 /* Debug */ = {
			isa = XCBuildConfiguration;
			buildSettings = {
				ALWAYS_EMBED_SWIFT_STANDARD_LIBRARIES = YES;
				BUNDLE_LOADER = "$(TEST_HOST)";
				INFOPLIST_FILE = buttonAnimationTests/Info.plist;
				LD_RUNPATH_SEARCH_PATHS = "$(inherited) @executable_path/Frameworks @loader_path/Frameworks";
				PRODUCT_BUNDLE_IDENTIFIER = zushio.buttonAnimationTests;
				PRODUCT_NAME = "$(TARGET_NAME)";
				SWIFT_VERSION = 3.0;
				TEST_HOST = "$(BUILT_PRODUCTS_DIR)/buttonAnimation.app/buttonAnimation";
			};
			name = Debug;
		};
		9A38B3DD1F1E1B5300B3D625 /* Release */ = {
			isa = XCBuildConfiguration;
			buildSettings = {
				ALWAYS_EMBED_SWIFT_STANDARD_LIBRARIES = YES;
				BUNDLE_LOADER = "$(TEST_HOST)";
				INFOPLIST_FILE = buttonAnimationTests/Info.plist;
				LD_RUNPATH_SEARCH_PATHS = "$(inherited) @executable_path/Frameworks @loader_path/Frameworks";
				PRODUCT_BUNDLE_IDENTIFIER = zushio.buttonAnimationTests;
				PRODUCT_NAME = "$(TARGET_NAME)";
				SWIFT_VERSION = 3.0;
				TEST_HOST = "$(BUILT_PRODUCTS_DIR)/buttonAnimation.app/buttonAnimation";
			};
			name = Release;
		};
		9A38B3DF1F1E1B5300B3D625 /* Debug */ = {
			isa = XCBuildConfiguration;
			buildSettings = {
				ALWAYS_EMBED_SWIFT_STANDARD_LIBRARIES = YES;
				INFOPLIST_FILE = buttonAnimationUITests/Info.plist;
				LD_RUNPATH_SEARCH_PATHS = "$(inherited) @executable_path/Frameworks @loader_path/Frameworks";
				PRODUCT_BUNDLE_IDENTIFIER = zushio.buttonAnimationUITests;
				PRODUCT_NAME = "$(TARGET_NAME)";
				SWIFT_VERSION = 3.0;
				TEST_TARGET_NAME = buttonAnimation;
			};
			name = Debug;
		};
		9A38B3E01F1E1B5300B3D625 /* Release */ = {
			isa = XCBuildConfiguration;
			buildSettings = {
				ALWAYS_EMBED_SWIFT_STANDARD_LIBRARIES = YES;
				INFOPLIST_FILE = buttonAnimationUITests/Info.plist;
				LD_RUNPATH_SEARCH_PATHS = "$(inherited) @executable_path/Frameworks @loader_path/Frameworks";
				PRODUCT_BUNDLE_IDENTIFIER = zushio.buttonAnimationUITests;
				PRODUCT_NAME = "$(TARGET_NAME)";
				SWIFT_VERSION = 3.0;
				TEST_TARGET_NAME = buttonAnimation;
			};
			name = Release;
		};
/* End XCBuildConfiguration section */

/* Begin XCConfigurationList section */
		9A38B3AB1F1E1B5200B3D625 /* Build configuration list for PBXProject "buttonAnimation" */ = {
			isa = XCConfigurationList;
			buildConfigurations = (
				9A38B3D61F1E1B5300B3D625 /* Debug */,
				9A38B3D71F1E1B5300B3D625 /* Release */,
			);
			defaultConfigurationIsVisible = 0;
			defaultConfigurationName = Release;
		};
		9A38B3D81F1E1B5300B3D625 /* Build configuration list for PBXNativeTarget "buttonAnimation" */ = {
			isa = XCConfigurationList;
			buildConfigurations = (
				9A38B3D91F1E1B5300B3D625 /* Debug */,
				9A38B3DA1F1E1B5300B3D625 /* Release */,
			);
			defaultConfigurationIsVisible = 0;
		};
		9A38B3DB1F1E1B5300B3D625 /* Build configuration list for PBXNativeTarget "buttonAnimationTests" */ = {
			isa = XCConfigurationList;
			buildConfigurations = (
				9A38B3DC1F1E1B5300B3D625 /* Debug */,
				9A38B3DD1F1E1B5300B3D625 /* Release */,
			);
			defaultConfigurationIsVisible = 0;
		};
		9A38B3DE1F1E1B5300B3D625 /* Build configuration list for PBXNativeTarget "buttonAnimationUITests" */ = {
			isa = XCConfigurationList;
			buildConfigurations = (
				9A38B3DF1F1E1B5300B3D625 /* Debug */,
				9A38B3E01F1E1B5300B3D625 /* Release */,
			);
			defaultConfigurationIsVisible = 0;
		};
/* End XCConfigurationList section */
	};
	rootObject = 9A38B3A81F1E1B5200B3D625 /* Project object */;
}
